
Microsoft Visual Studio Solution File, Format Version 12.00
# Visual Studio Version 17
VisualStudioVersion = 17.5.33414.496
MinimumVisualStudioVersion = 10.0.40219.1
Project("{9A19103F-16F7-4668-BE54-9A1E7A4F7556}") = "AndreTurismoApp", "AndreTurismoApp\AndreTurismoApp.csproj", "{15C6EC44-CBA8-4B1F-87C2-E855F2368A88}"
EndProject
Project("{9A19103F-16F7-4668-BE54-9A1E7A4F7556}") = "AndreTurismoAppModels", "AndreTurismoAppModel\AndreTurismoAppModels.csproj", "{1892A73E-E662-4816-8F44-AA14C5960C8A}"
EndProject
Project("{9A19103F-16F7-4668-BE54-9A1E7A4F7556}") = "AndreTurismoApp.AddressService", "AndreTurismoApp.AddressService\AndreTurismoApp.AddressService.csproj", "{A3BC2811-1914-4440-8BA8-497EE571F276}"
EndProject
Project("{FAE04EC0-301F-11D3-BF4B-00C04F79EFBC}") = "AndreTurismoAppService", "AndreTurismoAppService\AndreTurismoAppService.csproj", "{E31B40D6-2772-410A-88FA-8408995F6E64}"
EndProject
Project("{FAE04EC0-301F-11D3-BF4B-00C04F79EFBC}") = "AndreTurismoApp.HotelService", "HotelService\AndreTurismoApp.HotelService.csproj", "{282900F5-B154-407A-A60F-F3E32B955637}"
EndProject
Project("{FAE04EC0-301F-11D3-BF4B-00C04F79EFBC}") = "AndreTurismoAppClientService", "AndreTurismoAppClientService\AndreTurismoAppClientService.csproj", "{E0FB4BED-AA2F-4C95-BE8D-4918FDABB108}"
EndProject
Project("{FAE04EC0-301F-11D3-BF4B-00C04F79EFBC}") = "AndreTurismoAppTicketService", "AndreTurismoAppTicketService\AndreTurismoAppTicketService.csproj", "{947DCA09-8E6E-488E-BD7C-D08EB147B7E8}"
EndProject
Project("{FAE04EC0-301F-11D3-BF4B-00C04F79EFBC}") = "AndreTurismoAppPackageService", "AndreTurismoAppPackageService\AndreTurismoAppPackageService.csproj", "{CC99620B-35DE-486D-8D6D-991AB70C01A5}"
EndProject
Global
	GlobalSection(SolutionConfigurationPlatforms) = preSolution
		Debug|Any CPU = Debug|Any CPU
		Release|Any CPU = Release|Any CPU
	EndGlobalSection
	GlobalSection(ProjectConfigurationPlatforms) = postSolution
		{15C6EC44-CBA8-4B1F-87C2-E855F2368A88}.Debug|Any CPU.ActiveCfg = Debug|Any CPU
		{15C6EC44-CBA8-4B1F-87C2-E855F2368A88}.Debug|Any CPU.Build.0 = Debug|Any CPU
		{15C6EC44-CBA8-4B1F-87C2-E855F2368A88}.Release|Any CPU.ActiveCfg = Release|Any CPU
		{15C6EC44-CBA8-4B1F-87C2-E855F2368A88}.Release|Any CPU.Build.0 = Release|Any CPU
		{1892A73E-E662-4816-8F44-AA14C5960C8A}.Debug|Any CPU.ActiveCfg = Debug|Any CPU
		{1892A73E-E662-4816-8F44-AA14C5960C8A}.Debug|Any CPU.Build.0 = Debug|Any CPU
		{1892A73E-E662-4816-8F44-AA14C5960C8A}.Release|Any CPU.ActiveCfg = Release|Any CPU
		{1892A73E-E662-4816-8F44-AA14C5960C8A}.Release|Any CPU.Build.0 = Release|Any CPU
		{A3BC2811-1914-4440-8BA8-497EE571F276}.Debug|Any CPU.ActiveCfg = Debug|Any CPU
		{A3BC2811-1914-4440-8BA8-497EE571F276}.Debug|Any CPU.Build.0 = Debug|Any CPU
		{A3BC2811-1914-4440-8BA8-497EE571F276}.Release|Any CPU.ActiveCfg = Release|Any CPU
		{A3BC2811-1914-4440-8BA8-497EE571F276}.Release|Any CPU.Build.0 = Release|Any CPU
		{E31B40D6-2772-410A-88FA-8408995F6E64}.Debug|Any CPU.ActiveCfg = Debug|Any CPU
		{E31B40D6-2772-410A-88FA-8408995F6E64}.Debug|Any CPU.Build.0 = Debug|Any CPU
		{E31B40D6-2772-410A-88FA-8408995F6E64}.Release|Any CPU.ActiveCfg = Release|Any CPU
		{E31B40D6-2772-410A-88FA-8408995F6E64}.Release|Any CPU.Build.0 = Release|Any CPU
		{282900F5-B154-407A-A60F-F3E32B955637}.Debug|Any CPU.ActiveCfg = Debug|Any CPU
		{282900F5-B154-407A-A60F-F3E32B955637}.Debug|Any CPU.Build.0 = Debug|Any CPU
		{282900F5-B154-407A-A60F-F3E32B955637}.Release|Any CPU.ActiveCfg = Release|Any CPU
		{282900F5-B154-407A-A60F-F3E32B955637}.Release|Any CPU.Build.0 = Release|Any CPU
		{E0FB4BED-AA2F-4C95-BE8D-4918FDABB108}.Debug|Any CPU.ActiveCfg = Debug|Any CPU
		{E0FB4BED-AA2F-4C95-BE8D-4918FDABB108}.Debug|Any CPU.Build.0 = Debug|Any CPU
		{E0FB4BED-AA2F-4C95-BE8D-4918FDABB108}.Release|Any CPU.ActiveCfg = Release|Any CPU
		{E0FB4BED-AA2F-4C95-BE8D-4918FDABB108}.Release|Any CPU.Build.0 = Release|Any CPU
		{947DCA09-8E6E-488E-BD7C-D08EB147B7E8}.Debug|Any CPU.ActiveCfg = Debug|Any CPU
		{947DCA09-8E6E-488E-BD7C-D08EB147B7E8}.Debug|Any CPU.Build.0 = Debug|Any CPU
		{947DCA09-8E6E-488E-BD7C-D08EB147B7E8}.Release|Any CPU.ActiveCfg = Release|Any CPU
		{947DCA09-8E6E-488E-BD7C-D08EB147B7E8}.Release|Any CPU.Build.0 = Release|Any CPU
		{CC99620B-35DE-486D-8D6D-991AB70C01A5}.Debug|Any CPU.ActiveCfg = Debug|Any CPU
		{CC99620B-35DE-486D-8D6D-991AB70C01A5}.Debug|Any CPU.Build.0 = Debug|Any CPU
		{CC99620B-35DE-486D-8D6D-991AB70C01A5}.Release|Any CPU.ActiveCfg = Release|Any CPU
		{CC99620B-35DE-486D-8D6D-991AB70C01A5}.Release|Any CPU.Build.0 = Release|Any CPU
	EndGlobalSection
	GlobalSection(SolutionProperties) = preSolution
		HideSolutionNode = FALSE
	EndGlobalSection
	GlobalSection(ExtensibilityGlobals) = postSolution
		SolutionGuid = {7122774C-3DD4-49CF-8886-DD4F891A12FE}
	EndGlobalSection
EndGlobal
